// !$*UTF8*$!
{
	archiveVersion = 1;
	classes = {
	};
	objectVersion = 50;
	objects = {

/* Begin PBXBuildFile section */
		84E0C55124031EA5003B147B /* AppDelegate.swift in Sources */ = {isa = PBXBuildFile; fileRef = 84E0C55024031EA5003B147B /* AppDelegate.swift */; };
		84E0C55324031EA5003B147B /* SceneDelegate.swift in Sources */ = {isa = PBXBuildFile; fileRef = 84E0C55224031EA5003B147B /* SceneDelegate.swift */; };
		84E0C55524031EA5003B147B /* ViewController.swift in Sources */ = {isa = PBXBuildFile; fileRef = 84E0C55424031EA5003B147B /* ViewController.swift */; };
		84E0C55824031EA5003B147B /* Main.storyboard in Resources */ = {isa = PBXBuildFile; fileRef = 84E0C55624031EA5003B147B /* Main.storyboard */; };
		84E0C55A24031EA6003B147B /* Assets.xcassets in Resources */ = {isa = PBXBuildFile; fileRef = 84E0C55924031EA6003B147B /* Assets.xcassets */; };
		84E0C55D24031EA6003B147B /* LaunchScreen.storyboard in Resources */ = {isa = PBXBuildFile; fileRef = 84E0C55B24031EA6003B147B /* LaunchScreen.storyboard */; };
/* End PBXBuildFile section */

/* Begin PBXFileReference section */
		84E0C54D24031EA5003B147B /* Parstagram2.app */ = {isa = PBXFileReference; explicitFileType = wrapper.application; includeInIndex = 0; path = Parstagram2.app; sourceTree = BUILT_PRODUCTS_DIR; };
		84E0C55024031EA5003B147B /* AppDelegate.swift */ = {isa = PBXFileReference; lastKnownFileType = sourcecode.swift; path = AppDelegate.swift; sourceTree = "<group>"; };
		84E0C55224031EA5003B147B /* SceneDelegate.swift */ = {isa = PBXFileReference; lastKnownFileType = sourcecode.swift; path = SceneDelegate.swift; sourceTree = "<group>"; };
		84E0C55424031EA5003B147B /* ViewController.swift */ = {isa = PBXFileReference; lastKnownFileType = sourcecode.swift; path = ViewController.swift; sourceTree = "<group>"; };
		84E0C55724031EA5003B147B /* Base */ = {isa = PBXFileReference; lastKnownFileType = file.storyboard; name = Base; path = Base.lproj/Main.storyboard; sourceTree = "<group>"; };
		84E0C55924031EA6003B147B /* Assets.xcassets */ = {isa = PBXFileReference; lastKnownFileType = folder.assetcatalog; path = Assets.xcassets; sourceTree = "<group>"; };
		84E0C55C24031EA6003B147B /* Base */ = {isa = PBXFileReference; lastKnownFileType = file.storyboard; name = Base; path = Base.lproj/LaunchScreen.storyboard; sourceTree = "<group>"; };
		84E0C55E24031EA6003B147B /* Info.plist */ = {isa = PBXFileReference; lastKnownFileType = text.plist.xml; path = Info.plist; sourceTree = "<group>"; };
/* End PBXFileReference section */

/* Begin PBXFrameworksBuildPhase section */
		84E0C54A24031EA5003B147B /* Frameworks */ = {
			isa = PBXFrameworksBuildPhase;
			buildActionMask = 2147483647;
			files = (
			);
			runOnlyForDeploymentPostprocessing = 0;
		};
/* End PBXFrameworksBuildPhase section */

/* Begin PBXGroup section */
		84E0C54424031EA5003B147B = {
			isa = PBXGroup;
			children = (
				84E0C54F24031EA5003B147B /* Parstagram2 */,
				84E0C54E24031EA5003B147B /* Products */,
			);
			sourceTree = "<group>";
		};
		84E0C54E24031EA5003B147B /* Products */ = {
			isa = PBXGroup;
			children = (
				84E0C54D24031EA5003B147B /* Parstagram2.app */,
			);
			name = Products;
			sourceTree = "<group>";
		};
		84E0C54F24031EA5003B147B /* Parstagram2 */ = {
			isa = PBXGroup;
			children = (
				84E0C55024031EA5003B147B /* AppDelegate.swift */,
				84E0C55224031EA5003B147B /* SceneDelegate.swift */,
				84E0C55424031EA5003B147B /* ViewController.swift */,
				84E0C55624031EA5003B147B /* Main.storyboard */,
				84E0C55924031EA6003B147B /* Assets.xcassets */,
				84E0C55B24031EA6003B147B /* LaunchScreen.storyboard */,
				84E0C55E24031EA6003B147B /* Info.plist */,
			);
			path = Parstagram2;
			sourceTree = "<group>";
		};
/* End PBXGroup section */

/* Begin PBXNativeTarget section */
		84E0C54C24031EA5003B147B /* Parstagram2 */ = {
			isa = PBXNativeTarget;
			buildConfigurationList = 84E0C56124031EA6003B147B /* Build configuration list for PBXNativeTarget "Parstagram2" */;
			buildPhases = (
				84E0C54924031EA5003B147B /* Sources */,
				84E0C54A24031EA5003B147B /* Frameworks */,
				84E0C54B24031EA5003B147B /* Resources */,
			);
			buildRules = (
			);
			dependencies = (
			);
			name = Parstagram2;
			productName = Parstagram2;
			productReference = 84E0C54D24031EA5003B147B /* Parstagram2.app */;
			productType = "com.apple.product-type.application";
		};
/* End PBXNativeTarget section */

/* Begin PBXProject section */
		84E0C54524031EA5003B147B /* Project object */ = {
			isa = PBXProject;
			attributes = {
				LastSwiftUpdateCheck = 1120;
				LastUpgradeCheck = 1120;
				ORGANIZATIONNAME = "Joseph Won";
				TargetAttributes = {
					84E0C54C24031EA5003B147B = {
						CreatedOnToolsVersion = 11.2.1;
					};
				};
			};
			buildConfigurationList = 84E0C54824031EA5003B147B /* Build configuration list for PBXProject "Parstagram2" */;
			compatibilityVersion = "Xcode 9.3";
			developmentRegion = en;
			hasScannedForEncodings = 0;
			knownRegions = (
				en,
				Base,
			);
			mainGroup = 84E0C54424031EA5003B147B;
			productRefGroup = 84E0C54E24031EA5003B147B /* Products */;
			projectDirPath = "";
			projectRoot = "";
			targets = (
				84E0C54C24031EA5003B147B /* Parstagram2 */,
			);
		};
/* End PBXProject section */

/* Begin PBXResourcesBuildPhase section */
		84E0C54B24031EA5003B147B /* Resources */ = {
			isa = PBXResourcesBuildPhase;
			buildActionMask = 2147483647;
			files = (
				84E0C55D24031EA6003B147B /* LaunchScreen.storyboard in Resources */,
				84E0C55A24031EA6003B147B /* Assets.xcassets in Resources */,
				84E0C55824031EA5003B147B /* Main.storyboard in Resources */,
			);
			runOnlyForDeploymentPostprocessing = 0;
		};
/* End PBXResourcesBuildPhase section */

/* Begin PBXSourcesBuildPhase section */
		84E0C54924031EA5003B147B /* Sources */ = {
			isa = PBXSourcesBuildPhase;
			buildActionMask = 2147483647;
			files = (
				84E0C55524031EA5003B147B /* ViewController.swift in Sources */,
				84E0C55124031EA5003B147B /* AppDelegate.swift in Sources */,
				84E0C55324031EA5003B147B /* SceneDelegate.swift in Sources */,
			);
			runOnlyForDeploymentPostprocessing = 0;
		};
/* End PBXSourcesBuildPhase section */

/* Begin PBXVariantGroup section */
		84E0C55624031EA5003B147B /* Main.storyboard */ = {
			isa = PBXVariantGroup;
			children = (
				84E0C55724031EA5003B147B /* Base */,
			);
			name = Main.storyboard;
			sourceTree = "<group>";
		};
		84E0C55B24031EA6003B147B /* LaunchScreen.storyboard */ = {
			isa = PBXVariantGroup;
			children = (
				84E0C55C24031EA6003B147B /* Base */,
			);
			name = LaunchScreen.storyboard;
			sourceTree = "<group>";
		};
/* End PBXVariantGroup section */

/* Begin XCBuildConfiguration section */
		84E0C55F24031EA6003B147B /* Debug */ = {
			isa = XCBuildConfiguration;
			buildSettings = {
				ALWAYS_SEARCH_USER_PATHS = NO;
				CLANG_ANALYZER_NONNULL = YES;
				CLANG_ANALYZER_NUMBER_OBJECT_CONVERSION = YES_AGGRESSIVE;
				CLANG_CXX_LANGUAGE_STANDARD = "gnu++14";
				CLANG_CXX_LIBRARY = "libc++";
				CLANG_ENABLE_MODULES = YES;
				CLANG_ENABLE_OBJC_ARC = YES;
				CLANG_ENABLE_OBJC_WEAK = YES;
				CLANG_WARN_BLOCK_CAPTURE_AUTORELEASING = YES;
				CLANG_WARN_BOOL_CONVERSION = YES;
				CLANG_WARN_COMMA = YES;
				CLANG_WARN_CONSTANT_CONVERSION = YES;
				CLANG_WARN_DEPRECATED_OBJC_IMPLEMENTATIONS = YES;
				CLANG_WARN_DIRECT_OBJC_ISA_USAGE = YES_ERROR;
				CLANG_WARN_DOCUMENTATION_COMMENTS = YES;
				CLANG_WARN_EMPTY_BODY = YES;
				CLANG_WARN_ENUM_CONVERSION = YES;
				CLANG_WARN_INFINITE_RECURSION = YES;
				CLANG_WARN_INT_CONVERSION = YES;
				CLANG_WARN_NON_LITERAL_NULL_CONVERSION = YES;
				CLANG_WARN_OBJC_IMPLICIT_RETAIN_SELF = YES;
				CLANG_WARN_OBJC_LITERAL_CONVERSION = YES;
				CLANG_WARN_OBJC_ROOT_CLASS = YES_ERROR;
				CLANG_WARN_RANGE_LOOP_ANALYSIS = YES;
				CLANG_WARN_STRICT_PROTOTYPES = YES;
				CLANG_WARN_SUSPICIOUS_MOVE = YES;
				CLANG_WARN_UNGUARDED_AVAILABILITY = YES_AGGRESSIVE;
				CLANG_WARN_UNREACHABLE_CODE = YES;
				CLANG_WARN__DUPLICATE_METHOD_MATCH = YES;
				COPY_PHASE_STRIP = NO;
				DEBUG_INFORMATION_FORMAT = dwarf;
				ENABLE_STRICT_OBJC_MSGSEND = YES;
				ENABLE_TESTABILITY = YES;
				GCC_C_LANGUAGE_STANDARD = gnu11;
				GCC_DYNAMIC_NO_PIC = NO;
				GCC_NO_COMMON_BLOCKS = YES;
				GCC_OPTIMIZATION_LEVEL = 0;
				GCC_PREPROCESSOR_DEFINITIONS = (
					"DEBUG=1",
					"$(inherited)",
				);
				GCC_WARN_64_TO_32_BIT_CONVERSION = YES;
				GCC_WARN_ABOUT_RETURN_TYPE = YES_ERROR;
				GCC_WARN_UNDECLARED_SELECTOR = YES;
				GCC_WARN_UNINITIALIZED_AUTOS = YES_AGGRESSIVE;
				GCC_WARN_UNUSED_FUNCTION = YES;
				GCC_WARN_UNUSED_VARIABLE = YES;
				IPHONEOS_DEPLOYMENT_TARGET = 13.2;
				MTL_ENABLE_DEBUG_INFO = INCLUDE_SOURCE;
				MTL_FAST_MATH = YES;
				ONLY_ACTIVE_ARCH = YES;
				SDKROOT = iphoneos;
				SWIFT_ACTIVE_COMPILATION_CONDITIONS = DEBUG;
				SWIFT_OPTIMIZATION_LEVEL = "-Onone";
			};
			name = Debug;
		};
		84E0C56024031EA6003B147B /* Release */ = {
			isa = XCBuildConfiguration;
			buildSettings = {
				ALWAYS_SEARCH_USER_PATHS = NO;
				CLANG_ANALYZER_NONNULL = YES;
				CLANG_ANALYZER_NUMBER_OBJECT_CONVERSION = YES_AGGRESSIVE;
				CLANG_CXX_LANGUAGE_STANDARD = "gnu++14";
				CLANG_CXX_LIBRARY = "libc++";
				CLANG_ENABLE_MODULES = YES;
				CLANG_ENABLE_OBJC_ARC = YES;
				CLANG_ENABLE_OBJC_WEAK = YES;
				CLANG_WARN_BLOCK_CAPTURE_AUTORELEASING = YES;
				CLANG_WARN_BOOL_CONVERSION = YES;
				CLANG_WARN_COMMA = YES;
				CLANG_WARN_CONSTANT_CONVERSION = YES;
				CLANG_WARN_DEPRECATED_OBJC_IMPLEMENTATIONS = YES;
				CLANG_WARN_DIRECT_OBJC_ISA_USAGE = YES_ERROR;
				CLANG_WARN_DOCUMENTATION_COMMENTS = YES;
				CLANG_WARN_EMPTY_BODY = YES;
				CLANG_WARN_ENUM_CONVERSION = YES;
				CLANG_WARN_INFINITE_RECURSION = YES;
				CLANG_WARN_INT_CONVERSION = YES;
				CLANG_WARN_NON_LITERAL_NULL_CONVERSION = YES;
				CLANG_WARN_OBJC_IMPLICIT_RETAIN_SELF = YES;
				CLANG_WARN_OBJC_LITERAL_CONVERSION = YES;
				CLANG_WARN_OBJC_ROOT_CLASS = YES_ERROR;
				CLANG_WARN_RANGE_LOOP_ANALYSIS = YES;
				CLANG_WARN_STRICT_PROTOTYPES = YES;
				CLANG_WARN_SUSPICIOUS_MOVE = YES;
				CLANG_WARN_UNGUARDED_AVAILABILITY = YES_AGGRESSIVE;
				CLANG_WARN_UNREACHABLE_CODE = YES;
				CLANG_WARN__DUPLICATE_METHOD_MATCH = YES;
				COPY_PHASE_STRIP = NO;
				DEBUG_INFORMATION_FORMAT = "dwarf-with-dsym";
				ENABLE_NS_ASSERTIONS = NO;
				ENABLE_STRICT_OBJC_MSGSEND = YES;
				GCC_C_LANGUAGE_STANDARD = gnu11;
				GCC_NO_COMMON_BLOCKS = YES;
				GCC_WARN_64_TO_32_BIT_CONVERSION = YES;
				GCC_WARN_ABOUT_RETURN_TYPE = YES_ERROR;
				GCC_WARN_UNDECLARED_SELECTOR = YES;
				GCC_WARN_UNINITIALIZED_AUTOS = YES_AGGRESSIVE;
				GCC_WARN_UNUSED_FUNCTION = YES;
				GCC_WARN_UNUSED_VARIABLE = YES;
				IPHONEOS_DEPLOYMENT_TARGET = 13.2;
				MTL_ENABLE_DEBUG_INFO = NO;
				MTL_FAST_MATH = YES;
				SDKROOT = iphoneos;
				SWIFT_COMPILATION_MODE = wholemodule;
				SWIFT_OPTIMIZATION_LEVEL = "-O";
				VALIDATE_PRODUCT = YES;
			};
			name = Release;
		};
		84E0C56224031EA6003B147B /* Debug */ = {
			isa = XCBuildConfiguration;
			buildSettings = {
				ASSETCATALOG_COMPILER_APPICON_NAME = AppIcon;
				CODE_SIGN_STYLE = Automatic;
				DEVELOPMENT_TEAM = J2GNF7PKSK;
				INFOPLIST_FILE = Parstagram2/Info.plist;
				LD_RUNPATH_SEARCH_PATHS = (
					"$(inherited)",
					"@executable_path/Frameworks",
				);
				PRODUCT_BUNDLE_IDENTIFIER = com.josephwon.Parstagram2;
				PRODUCT_NAME = "$(TARGET_NAME)";
				SWIFT_VERSION = 5.0;
				TARGETED_DEVICE_FAMILY = "1,2";
			};
			name = Debug;
		};
		84E0C56324031EA6003B147B /* Release */ = {
			isa = XCBuildConfiguration;
			buildSettings = {
				ASSETCATALOG_COMPILER_APPICON_NAME = AppIcon;
				CODE_SIGN_STYLE = Automatic;
				DEVELOPMENT_TEAM = J2GNF7PKSK;
				INFOPLIST_FILE = Parstagram2/Info.plist;
				LD_RUNPATH_SEARCH_PATHS = (
					"$(inherited)",
					"@executable_path/Frameworks",
				);
				PRODUCT_BUNDLE_IDENTIFIER = com.josephwon.Parstagram2;
				PRODUCT_NAME = "$(TARGET_NAME)";
				SWIFT_VERSION = 5.0;
				TARGETED_DEVICE_FAMILY = "1,2";
			};
			name = Release;
		};
/* End XCBuildConfiguration section */

/* Begin XCConfigurationList section */
		84E0C54824031EA5003B147B /* Build configuration list for PBXProject "Parstagram2" */ = {
			isa = XCConfigurationList;
			buildConfigurations = (
				84E0C55F24031EA6003B147B /* Debug */,
				84E0C56024031EA6003B147B /* Release */,
			);
			defaultConfigurationIsVisible = 0;
			defaultConfigurationName = Release;
		};
		84E0C56124031EA6003B147B /* Build configuration list for PBXNativeTarget "Parstagram2" */ = {
			isa = XCConfigurationList;
			buildConfigurations = (
				84E0C56224031EA6003B147B /* Debug */,
				84E0C56324031EA6003B147B /* Release */,
			);
			defaultConfigurationIsVisible = 0;
			defaultConfigurationName = Release;
		};
/* End XCConfigurationList section */
	};
	rootObject = 84E0C54524031EA5003B147B /* Project object */;
}
